
Microsoft Visual Studio Solution File, Format Version 12.00
# Visual Studio Version 16
VisualStudioVersion = 16.0.29709.97
MinimumVisualStudioVersion = 10.0.40219.1
Project("{FAE04EC0-301F-11D3-BF4B-00C04F79EFBC}") = "Es 10 Negozio dictionary", "Es 10 Negozio dictionary\Es 10 Negozio dictionary.csproj", "{EB3477BD-DAD8-4358-B816-7BB186D215E1}"
EndProject
Global
	GlobalSection(SolutionConfigurationPlatforms) = preSolution
		Debug|Any CPU = Debug|Any CPU
		Release|Any CPU = Release|Any CPU
	EndGlobalSection
	GlobalSection(ProjectConfigurationPlatforms) = postSolution
		{EB3477BD-DAD8-4358-B816-7BB186D215E1}.Debug|Any CPU.ActiveCfg = Debug|Any CPU
		{EB3477BD-DAD8-4358-B816-7BB186D215E1}.Debug|Any CPU.Build.0 = Debug|Any CPU
		{EB3477BD-DAD8-4358-B816-7BB186D215E1}.Release|Any CPU.ActiveCfg = Release|Any CPU
		{EB3477BD-DAD8-4358-B816-7BB186D215E1}.Release|Any CPU.Build.0 = Release|Any CPU
	EndGlobalSection
	GlobalSection(SolutionProperties) = preSolution
		HideSolutionNode = FALSE
	EndGlobalSection
	GlobalSection(ExtensibilityGlobals) = postSolution
		SolutionGuid = {67FF2A53-1B47-4812-8F7C-3A3341DD131D}
	EndGlobalSection
EndGlobal
