
Microsoft Visual Studio Solution File, Format Version 12.00
# Visual Studio Version 16
VisualStudioVersion = 16.0.29709.97
MinimumVisualStudioVersion = 10.0.40219.1
Project("{FAE04EC0-301F-11D3-BF4B-00C04F79EFBC}") = "Ese 26 Secondo esercizio mana", "Ese 26 Secondo esercizio mana\Ese 26 Secondo esercizio mana.csproj", "{005D95C7-A321-469E-ADF7-1F1CD541C04B}"
EndProject
Global
	GlobalSection(SolutionConfigurationPlatforms) = preSolution
		Debug|Any CPU = Debug|Any CPU
		Release|Any CPU = Release|Any CPU
	EndGlobalSection
	GlobalSection(ProjectConfigurationPlatforms) = postSolution
		{005D95C7-A321-469E-ADF7-1F1CD541C04B}.Debug|Any CPU.ActiveCfg = Debug|Any CPU
		{005D95C7-A321-469E-ADF7-1F1CD541C04B}.Debug|Any CPU.Build.0 = Debug|Any CPU
		{005D95C7-A321-469E-ADF7-1F1CD541C04B}.Release|Any CPU.ActiveCfg = Release|Any CPU
		{005D95C7-A321-469E-ADF7-1F1CD541C04B}.Release|Any CPU.Build.0 = Release|Any CPU
	EndGlobalSection
	GlobalSection(SolutionProperties) = preSolution
		HideSolutionNode = FALSE
	EndGlobalSection
	GlobalSection(ExtensibilityGlobals) = postSolution
		SolutionGuid = {3191895E-30CB-48AA-BE62-C64A17188B63}
	EndGlobalSection
EndGlobal
