
Microsoft Visual Studio Solution File, Format Version 12.00
# Visual Studio Version 16
VisualStudioVersion = 16.0.29709.97
MinimumVisualStudioVersion = 10.0.40219.1
Project("{FAE04EC0-301F-11D3-BF4B-00C04F79EFBC}") = "Ese 12 container banchina pile", "Ese 12 container banchina pile\Ese 12 container banchina pile.csproj", "{D0A820FC-33B2-4E0F-A754-6B73DA06D268}"
EndProject
Global
	GlobalSection(SolutionConfigurationPlatforms) = preSolution
		Debug|Any CPU = Debug|Any CPU
		Release|Any CPU = Release|Any CPU
	EndGlobalSection
	GlobalSection(ProjectConfigurationPlatforms) = postSolution
		{D0A820FC-33B2-4E0F-A754-6B73DA06D268}.Debug|Any CPU.ActiveCfg = Debug|Any CPU
		{D0A820FC-33B2-4E0F-A754-6B73DA06D268}.Debug|Any CPU.Build.0 = Debug|Any CPU
		{D0A820FC-33B2-4E0F-A754-6B73DA06D268}.Release|Any CPU.ActiveCfg = Release|Any CPU
		{D0A820FC-33B2-4E0F-A754-6B73DA06D268}.Release|Any CPU.Build.0 = Release|Any CPU
	EndGlobalSection
	GlobalSection(SolutionProperties) = preSolution
		HideSolutionNode = FALSE
	EndGlobalSection
	GlobalSection(ExtensibilityGlobals) = postSolution
		SolutionGuid = {5456DC5A-017D-4AD2-9CE4-2A5A4704172C}
	EndGlobalSection
EndGlobal
