
Microsoft Visual Studio Solution File, Format Version 12.00
# Visual Studio Version 16
VisualStudioVersion = 16.0.29709.97
MinimumVisualStudioVersion = 10.0.40219.1
Project("{FAE04EC0-301F-11D3-BF4B-00C04F79EFBC}") = "02.formMDI", "02.formMDI\02.formMDI.csproj", "{B90D36F6-BABE-43CD-8084-7C950060F7A3}"
EndProject
Global
	GlobalSection(SolutionConfigurationPlatforms) = preSolution
		Debug|Any CPU = Debug|Any CPU
		Release|Any CPU = Release|Any CPU
	EndGlobalSection
	GlobalSection(ProjectConfigurationPlatforms) = postSolution
		{B90D36F6-BABE-43CD-8084-7C950060F7A3}.Debug|Any CPU.ActiveCfg = Debug|Any CPU
		{B90D36F6-BABE-43CD-8084-7C950060F7A3}.Debug|Any CPU.Build.0 = Debug|Any CPU
		{B90D36F6-BABE-43CD-8084-7C950060F7A3}.Release|Any CPU.ActiveCfg = Release|Any CPU
		{B90D36F6-BABE-43CD-8084-7C950060F7A3}.Release|Any CPU.Build.0 = Release|Any CPU
	EndGlobalSection
	GlobalSection(SolutionProperties) = preSolution
		HideSolutionNode = FALSE
	EndGlobalSection
	GlobalSection(ExtensibilityGlobals) = postSolution
		SolutionGuid = {334A9934-9E2E-4C40-B285-649777F14848}
	EndGlobalSection
EndGlobal
