
Microsoft Visual Studio Solution File, Format Version 12.00
# Visual Studio Version 16
VisualStudioVersion = 16.0.29709.97
MinimumVisualStudioVersion = 10.0.40219.1
Project("{FAE04EC0-301F-11D3-BF4B-00C04F79EFBC}") = "Ese 13 Ereditarietà", "Ese 13 Ereditarietà\Ese 13 Ereditarietà.csproj", "{6B2B7EEB-F1B6-4EA5-AE6C-14F7FBE6C698}"
EndProject
Global
	GlobalSection(SolutionConfigurationPlatforms) = preSolution
		Debug|Any CPU = Debug|Any CPU
		Release|Any CPU = Release|Any CPU
	EndGlobalSection
	GlobalSection(ProjectConfigurationPlatforms) = postSolution
		{6B2B7EEB-F1B6-4EA5-AE6C-14F7FBE6C698}.Debug|Any CPU.ActiveCfg = Debug|Any CPU
		{6B2B7EEB-F1B6-4EA5-AE6C-14F7FBE6C698}.Debug|Any CPU.Build.0 = Debug|Any CPU
		{6B2B7EEB-F1B6-4EA5-AE6C-14F7FBE6C698}.Release|Any CPU.ActiveCfg = Release|Any CPU
		{6B2B7EEB-F1B6-4EA5-AE6C-14F7FBE6C698}.Release|Any CPU.Build.0 = Release|Any CPU
	EndGlobalSection
	GlobalSection(SolutionProperties) = preSolution
		HideSolutionNode = FALSE
	EndGlobalSection
	GlobalSection(ExtensibilityGlobals) = postSolution
		SolutionGuid = {C0E4C600-7BF8-4642-8189-D7122B654FFC}
	EndGlobalSection
EndGlobal
