
Microsoft Visual Studio Solution File, Format Version 12.00
# Visual Studio Version 16
VisualStudioVersion = 16.0.29709.97
MinimumVisualStudioVersion = 10.0.40219.1
Project("{FAE04EC0-301F-11D3-BF4B-00C04F79EFBC}") = "Ese 18 Gioco Ereditarietà Carte 2", "Ese 18 Gioco Ereditarietà Carte 2\Ese 18 Gioco Ereditarietà Carte 2.csproj", "{48A882FE-C619-43D0-8368-38CFE2B723CC}"
EndProject
Global
	GlobalSection(SolutionConfigurationPlatforms) = preSolution
		Debug|Any CPU = Debug|Any CPU
		Release|Any CPU = Release|Any CPU
	EndGlobalSection
	GlobalSection(ProjectConfigurationPlatforms) = postSolution
		{48A882FE-C619-43D0-8368-38CFE2B723CC}.Debug|Any CPU.ActiveCfg = Debug|Any CPU
		{48A882FE-C619-43D0-8368-38CFE2B723CC}.Debug|Any CPU.Build.0 = Debug|Any CPU
		{48A882FE-C619-43D0-8368-38CFE2B723CC}.Release|Any CPU.ActiveCfg = Release|Any CPU
		{48A882FE-C619-43D0-8368-38CFE2B723CC}.Release|Any CPU.Build.0 = Release|Any CPU
	EndGlobalSection
	GlobalSection(SolutionProperties) = preSolution
		HideSolutionNode = FALSE
	EndGlobalSection
	GlobalSection(ExtensibilityGlobals) = postSolution
		SolutionGuid = {E9D3494C-3554-4C10-BB92-B34847D94DB6}
	EndGlobalSection
EndGlobal
