
Microsoft Visual Studio Solution File, Format Version 12.00
# Visual Studio Version 16
VisualStudioVersion = 16.0.29709.97
MinimumVisualStudioVersion = 10.0.40219.1
Project("{FAE04EC0-301F-11D3-BF4B-00C04F79EFBC}") = "Ese 04 Metodo Factory", "Ese 04 Metodo Factory\Ese 04 Metodo Factory.csproj", "{C3B30293-115C-4FA5-BF1D-EBCB8E116F58}"
EndProject
Global
	GlobalSection(SolutionConfigurationPlatforms) = preSolution
		Debug|Any CPU = Debug|Any CPU
		Release|Any CPU = Release|Any CPU
	EndGlobalSection
	GlobalSection(ProjectConfigurationPlatforms) = postSolution
		{C3B30293-115C-4FA5-BF1D-EBCB8E116F58}.Debug|Any CPU.ActiveCfg = Debug|Any CPU
		{C3B30293-115C-4FA5-BF1D-EBCB8E116F58}.Debug|Any CPU.Build.0 = Debug|Any CPU
		{C3B30293-115C-4FA5-BF1D-EBCB8E116F58}.Release|Any CPU.ActiveCfg = Release|Any CPU
		{C3B30293-115C-4FA5-BF1D-EBCB8E116F58}.Release|Any CPU.Build.0 = Release|Any CPU
	EndGlobalSection
	GlobalSection(SolutionProperties) = preSolution
		HideSolutionNode = FALSE
	EndGlobalSection
	GlobalSection(ExtensibilityGlobals) = postSolution
		SolutionGuid = {1A05BB03-8F08-4190-8332-7F5A8F250BCE}
	EndGlobalSection
EndGlobal
