
Microsoft Visual Studio Solution File, Format Version 12.00
# Visual Studio Version 16
VisualStudioVersion = 16.0.29709.97
MinimumVisualStudioVersion = 10.0.40219.1
Project("{FAE04EC0-301F-11D3-BF4B-00C04F79EFBC}") = "Ese 11 coda gestione pronto soccorso", "Ese 11 coda gestione pronto soccorso\Ese 11 coda gestione pronto soccorso.csproj", "{38A1EF0F-B7D5-4C5F-9D65-EDCC1A4E0007}"
EndProject
Global
	GlobalSection(SolutionConfigurationPlatforms) = preSolution
		Debug|Any CPU = Debug|Any CPU
		Release|Any CPU = Release|Any CPU
	EndGlobalSection
	GlobalSection(ProjectConfigurationPlatforms) = postSolution
		{38A1EF0F-B7D5-4C5F-9D65-EDCC1A4E0007}.Debug|Any CPU.ActiveCfg = Debug|Any CPU
		{38A1EF0F-B7D5-4C5F-9D65-EDCC1A4E0007}.Debug|Any CPU.Build.0 = Debug|Any CPU
		{38A1EF0F-B7D5-4C5F-9D65-EDCC1A4E0007}.Release|Any CPU.ActiveCfg = Release|Any CPU
		{38A1EF0F-B7D5-4C5F-9D65-EDCC1A4E0007}.Release|Any CPU.Build.0 = Release|Any CPU
	EndGlobalSection
	GlobalSection(SolutionProperties) = preSolution
		HideSolutionNode = FALSE
	EndGlobalSection
	GlobalSection(ExtensibilityGlobals) = postSolution
		SolutionGuid = {83AD6AA8-707B-4E7D-9239-90EA02BDF962}
	EndGlobalSection
EndGlobal
